
Microsoft Visual Studio Solution File, Format Version 12.00
# Visual Studio Version 17
VisualStudioVersion = 17.13.35825.156 d17.13
MinimumVisualStudioVersion = 10.0.40219.1
Project("{FAE04EC0-301F-11D3-BF4B-00C04F79EFBC}") = "01", "01\01.csproj", "{877BEE07-9BEE-46A0-AD68-C02670686CF0}"
EndProject
Global
	GlobalSection(SolutionConfigurationPlatforms) = preSolution
		Debug|Any CPU = Debug|Any CPU
		Release|Any CPU = Release|Any CPU
	EndGlobalSection
	GlobalSection(ProjectConfigurationPlatforms) = postSolution
		{877BEE07-9BEE-46A0-AD68-C02670686CF0}.Debug|Any CPU.ActiveCfg = Debug|Any CPU
		{877BEE07-9BEE-46A0-AD68-C02670686CF0}.Debug|Any CPU.Build.0 = Debug|Any CPU
		{877BEE07-9BEE-46A0-AD68-C02670686CF0}.Release|Any CPU.ActiveCfg = Release|Any CPU
		{877BEE07-9BEE-46A0-AD68-C02670686CF0}.Release|Any CPU.Build.0 = Release|Any CPU
	EndGlobalSection
	GlobalSection(SolutionProperties) = preSolution
		HideSolutionNode = FALSE
	EndGlobalSection
	GlobalSection(ExtensibilityGlobals) = postSolution
		SolutionGuid = {10DBE50B-BEEF-42D0-935D-4FAABD5AF849}
	EndGlobalSection
EndGlobal
